
Microsoft Visual Studio Solution File, Format Version 12.00
# Visual Studio Version 17
VisualStudioVersion = 17.13.35931.197 d17.13
MinimumVisualStudioVersion = 10.0.40219.1
Project("{FAE04EC0-301F-11D3-BF4B-00C04F79EFBC}") = "PopesculG_tema04", "PopesculG_tema04.csproj", "{AE83BF5C-C158-44D0-BA1C-45177CCFB4FB}"
EndProject
Global
	GlobalSection(SolutionConfigurationPlatforms) = preSolution
		Debug|Any CPU = Debug|Any CPU
		Release|Any CPU = Release|Any CPU
	EndGlobalSection
	GlobalSection(ProjectConfigurationPlatforms) = postSolution
		{AE83BF5C-C158-44D0-BA1C-45177CCFB4FB}.Debug|Any CPU.ActiveCfg = Debug|Any CPU
		{AE83BF5C-C158-44D0-BA1C-45177CCFB4FB}.Debug|Any CPU.Build.0 = Debug|Any CPU
		{AE83BF5C-C158-44D0-BA1C-45177CCFB4FB}.Release|Any CPU.ActiveCfg = Release|Any CPU
		{AE83BF5C-C158-44D0-BA1C-45177CCFB4FB}.Release|Any CPU.Build.0 = Release|Any CPU
	EndGlobalSection
	GlobalSection(SolutionProperties) = preSolution
		HideSolutionNode = FALSE
	EndGlobalSection
	GlobalSection(ExtensibilityGlobals) = postSolution
		SolutionGuid = {E8334067-789C-465C-847C-0A4ADE06E618}
	EndGlobalSection
EndGlobal
